
Microsoft Visual Studio Solution File, Format Version 11.00
# Visual Studio 2010
Project("{FAE04EC0-301F-11D3-BF4B-00C04F79EFBC}") = "Pencil.Gaming-GLFW2", "Pencil.Gaming-GLFW2\Pencil.Gaming-GLFW2.csproj", "{DDB6DB6D-E5DE-4BDB-8AC8-26DF800E9FF0}"
EndProject
Project("{FAE04EC0-301F-11D3-BF4B-00C04F79EFBC}") = "Pencil.Gaming-GLFW3", "Pencil.Gaming-GLFW3\Pencil.Gaming-GLFW3.csproj", "{FBFA62E1-9B4C-4AA8-886A-9DC8D64C1036}"
EndProject
Global
	GlobalSection(SolutionConfigurationPlatforms) = preSolution
		Debug|Any CPU = Debug|Any CPU
		Release|Any CPU = Release|Any CPU
	EndGlobalSection
	GlobalSection(ProjectConfigurationPlatforms) = postSolution
		{DDB6DB6D-E5DE-4BDB-8AC8-26DF800E9FF0}.Debug|Any CPU.ActiveCfg = Debug|Any CPU
		{DDB6DB6D-E5DE-4BDB-8AC8-26DF800E9FF0}.Debug|Any CPU.Build.0 = Debug|Any CPU
		{DDB6DB6D-E5DE-4BDB-8AC8-26DF800E9FF0}.Release|Any CPU.ActiveCfg = Release|Any CPU
		{DDB6DB6D-E5DE-4BDB-8AC8-26DF800E9FF0}.Release|Any CPU.Build.0 = Release|Any CPU
		{FBFA62E1-9B4C-4AA8-886A-9DC8D64C1036}.Debug|Any CPU.ActiveCfg = Debug|Any CPU
		{FBFA62E1-9B4C-4AA8-886A-9DC8D64C1036}.Debug|Any CPU.Build.0 = Debug|Any CPU
		{FBFA62E1-9B4C-4AA8-886A-9DC8D64C1036}.Release|Any CPU.ActiveCfg = Release|Any CPU
		{FBFA62E1-9B4C-4AA8-886A-9DC8D64C1036}.Release|Any CPU.Build.0 = Release|Any CPU
		{C0578425-57C1-4833-9F59-87DA67F0D954}.Debug|Any CPU.ActiveCfg = Debug|Any CPU
		{C0578425-57C1-4833-9F59-87DA67F0D954}.Debug|Any CPU.Build.0 = Debug|Any CPU
		{C0578425-57C1-4833-9F59-87DA67F0D954}.Release|Any CPU.ActiveCfg = Release|Any CPU
		{C0578425-57C1-4833-9F59-87DA67F0D954}.Release|Any CPU.Build.0 = Release|Any CPU
		{CD8E4574-D6B4-45B4-AF4E-33C0D0920095}.Debug|Any CPU.ActiveCfg = Debug|Any CPU
		{CD8E4574-D6B4-45B4-AF4E-33C0D0920095}.Debug|Any CPU.Build.0 = Debug|Any CPU
		{CD8E4574-D6B4-45B4-AF4E-33C0D0920095}.Release|Any CPU.ActiveCfg = Release|Any CPU
		{CD8E4574-D6B4-45B4-AF4E-33C0D0920095}.Release|Any CPU.Build.0 = Release|Any CPU
	EndGlobalSection
	GlobalSection(MonoDevelopProperties) = preSolution
		StartupItem = Pencil.Gaming-GLFW3\Pencil.Gaming-GLFW3.csproj
	EndGlobalSection
EndGlobal
