
Microsoft Visual Studio Solution File, Format Version 11.00
# Visual Studio 2010
Project("{FAE04EC0-301F-11D3-BF4B-00C04F79EFBC}") = "Pencil.Gaming", "Pencil.Gaming-GLFW2\Pencil.Gaming.csproj", "{DDB6DB6D-E5DE-4BDB-8AC8-26DF800E9FF0}"
EndProject
Global
	GlobalSection(SolutionConfigurationPlatforms) = preSolution
		Debug - Compatibility - GLFW2|Any CPU = Debug - Compatibility - GLFW2|Any CPU
		Release - Compatibility - GLFW2|Any CPU = Release - Compatibility - GLFW2|Any CPU
		Debug - Core - GLFW2|Any CPU = Debug - Core - GLFW2|Any CPU
		Release - Core - GLFW2|Any CPU = Release - Core - GLFW2|Any CPU
		Debug - Compatibility - GLFW3|Any CPU = Debug - Compatibility - GLFW3|Any CPU
		Release - Compatibility - GLFW3|Any CPU = Release - Compatibility - GLFW3|Any CPU
		Debug - Core - GLFW3|Any CPU = Debug - Core - GLFW3|Any CPU
		Release - Core - GLFW3|Any CPU = Release - Core - GLFW3|Any CPU
	EndGlobalSection
	GlobalSection(ProjectConfigurationPlatforms) = postSolution
		{DDB6DB6D-E5DE-4BDB-8AC8-26DF800E9FF0}.Debug - Compatibility - GLFW2|Any CPU.ActiveCfg = Debug - Compatibility - GLFW2|Any CPU
		{DDB6DB6D-E5DE-4BDB-8AC8-26DF800E9FF0}.Debug - Compatibility - GLFW2|Any CPU.Build.0 = Debug - Compatibility - GLFW2|Any CPU
		{DDB6DB6D-E5DE-4BDB-8AC8-26DF800E9FF0}.Debug - Compatibility - GLFW3|Any CPU.ActiveCfg = Debug - Compatibility - GLFW3|Any CPU
		{DDB6DB6D-E5DE-4BDB-8AC8-26DF800E9FF0}.Debug - Compatibility - GLFW3|Any CPU.Build.0 = Debug - Compatibility - GLFW3|Any CPU
		{DDB6DB6D-E5DE-4BDB-8AC8-26DF800E9FF0}.Debug - Core - GLFW2|Any CPU.ActiveCfg = Debug - Core - GLFW2|Any CPU
		{DDB6DB6D-E5DE-4BDB-8AC8-26DF800E9FF0}.Debug - Core - GLFW2|Any CPU.Build.0 = Debug - Core - GLFW2|Any CPU
		{DDB6DB6D-E5DE-4BDB-8AC8-26DF800E9FF0}.Debug - Core - GLFW3|Any CPU.ActiveCfg = Debug - Core - GLFW3|Any CPU
		{DDB6DB6D-E5DE-4BDB-8AC8-26DF800E9FF0}.Debug - Core - GLFW3|Any CPU.Build.0 = Debug - Core - GLFW3|Any CPU
		{DDB6DB6D-E5DE-4BDB-8AC8-26DF800E9FF0}.Release - Compatibility - GLFW2|Any CPU.ActiveCfg = Release - Compatibility - GLFW2|Any CPU
		{DDB6DB6D-E5DE-4BDB-8AC8-26DF800E9FF0}.Release - Compatibility - GLFW2|Any CPU.Build.0 = Release - Compatibility - GLFW2|Any CPU
		{DDB6DB6D-E5DE-4BDB-8AC8-26DF800E9FF0}.Release - Compatibility - GLFW3|Any CPU.ActiveCfg = Release - Compatibility - GLFW3|Any CPU
		{DDB6DB6D-E5DE-4BDB-8AC8-26DF800E9FF0}.Release - Compatibility - GLFW3|Any CPU.Build.0 = Release - Compatibility - GLFW3|Any CPU
		{DDB6DB6D-E5DE-4BDB-8AC8-26DF800E9FF0}.Release - Core - GLFW2|Any CPU.ActiveCfg = Release - Core - GLFW2|Any CPU
		{DDB6DB6D-E5DE-4BDB-8AC8-26DF800E9FF0}.Release - Core - GLFW2|Any CPU.Build.0 = Release - Core - GLFW2|Any CPU
		{DDB6DB6D-E5DE-4BDB-8AC8-26DF800E9FF0}.Release - Core - GLFW3|Any CPU.ActiveCfg = Release - Core - GLFW3|Any CPU
		{DDB6DB6D-E5DE-4BDB-8AC8-26DF800E9FF0}.Release - Core - GLFW3|Any CPU.Build.0 = Release - Core - GLFW3|Any CPU
		{C0578425-57C1-4833-9F59-87DA67F0D954}.Debug|Any CPU.ActiveCfg = Debug|Any CPU
		{C0578425-57C1-4833-9F59-87DA67F0D954}.Debug|Any CPU.Build.0 = Debug|Any CPU
		{C0578425-57C1-4833-9F59-87DA67F0D954}.Release|Any CPU.ActiveCfg = Release|Any CPU
		{C0578425-57C1-4833-9F59-87DA67F0D954}.Release|Any CPU.Build.0 = Release|Any CPU
		{CD8E4574-D6B4-45B4-AF4E-33C0D0920095}.Debug|Any CPU.ActiveCfg = Debug|Any CPU
		{CD8E4574-D6B4-45B4-AF4E-33C0D0920095}.Debug|Any CPU.Build.0 = Debug|Any CPU
		{CD8E4574-D6B4-45B4-AF4E-33C0D0920095}.Release|Any CPU.ActiveCfg = Release|Any CPU
		{CD8E4574-D6B4-45B4-AF4E-33C0D0920095}.Release|Any CPU.Build.0 = Release|Any CPU
	EndGlobalSection
	GlobalSection(MonoDevelopProperties) = preSolution
		StartupItem = Pencil.Gaming-GLFW2\Pencil.Gaming.csproj
		version = 
	EndGlobalSection
EndGlobal
